// !$*UTF8*$!
{
	archiveVersion = 1;
	classes = {
	};
	objectVersion = 56;
	objects = {

/* Begin PBXBuildFile section */
		E1013FA32A473B430044410F /* AbastecimentoViewModel.swift in Sources */ = {isa = PBXBuildFile; fileRef = E1013FA22A473B430044410F /* AbastecimentoViewModel.swift */; };
		E1013FA62A48F8B80044410F /* AutoCare.xcdatamodeld in Sources */ = {isa = PBXBuildFile; fileRef = E1013FA42A48F8B80044410F /* AutoCare.xcdatamodeld */; };
		E1013FB52A4909910044410F /* Abastecimento+CoreDataClass.swift in Sources */ = {isa = PBXBuildFile; fileRef = E1013FB32A4909910044410F /* Abastecimento+CoreDataClass.swift */; };
		E1013FB62A4909910044410F /* Abastecimento+CoreDataProperties.swift in Sources */ = {isa = PBXBuildFile; fileRef = E1013FB42A4909910044410F /* Abastecimento+CoreDataProperties.swift */; };
		E1013FB92A49148E0044410F /* FormValidator in Frameworks */ = {isa = PBXBuildFile; productRef = E1013FB82A49148E0044410F /* FormValidator */; };
		E1013FBB2A4A518A0044410F /* AppState.swift in Sources */ = {isa = PBXBuildFile; fileRef = E1013FBA2A4A518A0044410F /* AppState.swift */; };
		E1013FBE2A4A55230044410F /* ErrorHandler.swift in Sources */ = {isa = PBXBuildFile; fileRef = E1013FBD2A4A55230044410F /* ErrorHandler.swift */; };
		E1013FC02A4A55810044410F /* ErrorWrapper.swift in Sources */ = {isa = PBXBuildFile; fileRef = E1013FBF2A4A55810044410F /* ErrorWrapper.swift */; };
		E1013FC22A4A559D0044410F /* ErrorView.swift in Sources */ = {isa = PBXBuildFile; fileRef = E1013FC12A4A559D0044410F /* ErrorView.swift */; };
		E1013FC52A4A57910044410F /* VeiculoViewModel.swift in Sources */ = {isa = PBXBuildFile; fileRef = E1013FC42A4A57910044410F /* VeiculoViewModel.swift */; };
		E1013FC82A4A57FB0044410F /* PostoScreen.swift in Sources */ = {isa = PBXBuildFile; fileRef = E1013FC72A4A57FB0044410F /* PostoScreen.swift */; };
		E1013FCF2A4A5E160044410F /* PostoModel.swift in Sources */ = {isa = PBXBuildFile; fileRef = E1013FCE2A4A5E160044410F /* PostoModel.swift */; };
		E1013FD12A4A5EEA0044410F /* PostoViewModel.swift in Sources */ = {isa = PBXBuildFile; fileRef = E1013FD02A4A5EEA0044410F /* PostoViewModel.swift */; };
		E1013FD42A4A60E40044410F /* Posto+CoreDataClass.swift in Sources */ = {isa = PBXBuildFile; fileRef = E1013FD22A4A60E40044410F /* Posto+CoreDataClass.swift */; };
		E1013FD52A4A60E40044410F /* Posto+CoreDataProperties.swift in Sources */ = {isa = PBXBuildFile; fileRef = E1013FD32A4A60E40044410F /* Posto+CoreDataProperties.swift */; };
		E1013FD72A4A61AD0044410F /* PostoListaDetalheView.swift in Sources */ = {isa = PBXBuildFile; fileRef = E1013FD62A4A61AD0044410F /* PostoListaDetalheView.swift */; };
		E1013FD92A4A650C0044410F /* PostoPublisher.swift in Sources */ = {isa = PBXBuildFile; fileRef = E1013FD82A4A650C0044410F /* PostoPublisher.swift */; };
		E1432DE72A43CF580025504D /* PersistenceController.swift in Sources */ = {isa = PBXBuildFile; fileRef = E1432DE62A43CF580025504D /* PersistenceController.swift */; };
		E15F7FCC2A3BC8C8001DAF34 /* SizesStruct.swift in Sources */ = {isa = PBXBuildFile; fileRef = E15F7FCB2A3BC8C8001DAF34 /* SizesStruct.swift */; };
		E16C14FA2A3D21E1003EAADA /* PerfilScreen.swift in Sources */ = {isa = PBXBuildFile; fileRef = E16C14F92A3D21E1003EAADA /* PerfilScreen.swift */; };
		E16C14FF2A3DFF21003EAADA /* MensagemScreen.swift in Sources */ = {isa = PBXBuildFile; fileRef = E16C14FE2A3DFF21003EAADA /* MensagemScreen.swift */; };
		E16C15032A3E091C003EAADA /* VeiculoBottomView.swift in Sources */ = {isa = PBXBuildFile; fileRef = E16C15022A3E091C003EAADA /* VeiculoBottomView.swift */; };
		E16C15082A3F70B9003EAADA /* MenuInicialScreen.swift in Sources */ = {isa = PBXBuildFile; fileRef = E16C15072A3F70B9003EAADA /* MenuInicialScreen.swift */; };
		E16C150B2A3FC733003EAADA /* MenuColecao.swift in Sources */ = {isa = PBXBuildFile; fileRef = E16C150A2A3FC733003EAADA /* MenuColecao.swift */; };
		E16C150D2A3FC8E9003EAADA /* ItemMenuInicialView.swift in Sources */ = {isa = PBXBuildFile; fileRef = E16C150C2A3FC8E9003EAADA /* ItemMenuInicialView.swift */; };
		E16C15102A410ADA003EAADA /* OnboardingScreen.swift in Sources */ = {isa = PBXBuildFile; fileRef = E16C150F2A410ADA003EAADA /* OnboardingScreen.swift */; };
		E16C15182A410F35003EAADA /* AbastecimentoListaScreen.swift in Sources */ = {isa = PBXBuildFile; fileRef = E16C15172A410F35003EAADA /* AbastecimentoListaScreen.swift */; };
		E16C151B2A41151A003EAADA /* CadastroListaScreen.swift in Sources */ = {isa = PBXBuildFile; fileRef = E16C151A2A41151A003EAADA /* CadastroListaScreen.swift */; };
		E16C151E2A4115BD003EAADA /* RelatorioListaScreen.swift in Sources */ = {isa = PBXBuildFile; fileRef = E16C151D2A4115BD003EAADA /* RelatorioListaScreen.swift */; };
		E16C15232A411DED003EAADA /* AbastecimentoDTO.swift in Sources */ = {isa = PBXBuildFile; fileRef = E16C15222A411DED003EAADA /* AbastecimentoDTO.swift */; };
		E16C15252A412424003EAADA /* AbastecimentoScreen.swift in Sources */ = {isa = PBXBuildFile; fileRef = E16C15242A412424003EAADA /* AbastecimentoScreen.swift */; };
		E16C15272A4126D5003EAADA /* AbastecimentoListaDetalheView.swift in Sources */ = {isa = PBXBuildFile; fileRef = E16C15262A4126D5003EAADA /* AbastecimentoListaDetalheView.swift */; };
		E16C15292A4127EB003EAADA /* AbastecimentoPublisher.swift in Sources */ = {isa = PBXBuildFile; fileRef = E16C15282A4127EB003EAADA /* AbastecimentoPublisher.swift */; };
		E1AC4F122A58E2DF00016186 /* WelcomeSheet in Frameworks */ = {isa = PBXBuildFile; productRef = E1AC4F112A58E2DF00016186 /* WelcomeSheet */; };
		E1AC4F172A5B07D800016186 /* Categoria+CoreDataClass.swift in Sources */ = {isa = PBXBuildFile; fileRef = E1AC4F132A5B07D800016186 /* Categoria+CoreDataClass.swift */; };
		E1AC4F182A5B07D800016186 /* Categoria+CoreDataProperties.swift in Sources */ = {isa = PBXBuildFile; fileRef = E1AC4F142A5B07D800016186 /* Categoria+CoreDataProperties.swift */; };
		E1AC4F192A5B07D800016186 /* Servico+CoreDataClass.swift in Sources */ = {isa = PBXBuildFile; fileRef = E1AC4F152A5B07D800016186 /* Servico+CoreDataClass.swift */; };
		E1AC4F1A2A5B07D800016186 /* Servico+CoreDataProperties.swift in Sources */ = {isa = PBXBuildFile; fileRef = E1AC4F162A5B07D800016186 /* Servico+CoreDataProperties.swift */; };
		E1AC4F1D2A5B086C00016186 /* CategoriaModel.swift in Sources */ = {isa = PBXBuildFile; fileRef = E1AC4F1C2A5B086C00016186 /* CategoriaModel.swift */; };
		E1AC4F202A5B0A4A00016186 /* ServicoModel.swift in Sources */ = {isa = PBXBuildFile; fileRef = E1AC4F1F2A5B0A4A00016186 /* ServicoModel.swift */; };
		E1AC4F232A5B0C0B00016186 /* ServicoPublisher.swift in Sources */ = {isa = PBXBuildFile; fileRef = E1AC4F222A5B0C0B00016186 /* ServicoPublisher.swift */; };
		E1AC4F262A5B66BC00016186 /* ServicoViewModel.swift in Sources */ = {isa = PBXBuildFile; fileRef = E1AC4F252A5B66BC00016186 /* ServicoViewModel.swift */; };
		E1AC4F282A5B6E8900016186 /* ServicoListaDetalheView.swift in Sources */ = {isa = PBXBuildFile; fileRef = E1AC4F272A5B6E8900016186 /* ServicoListaDetalheView.swift */; };
		E1AC4F2D2A5B761B00016186 /* CategoriaPublisher.swift in Sources */ = {isa = PBXBuildFile; fileRef = E1AC4F2C2A5B761B00016186 /* CategoriaPublisher.swift */; };
		E1AC4F2F2A5B7D0B00016186 /* CategoriaScreen.swift in Sources */ = {isa = PBXBuildFile; fileRef = E1AC4F2E2A5B7D0B00016186 /* CategoriaScreen.swift */; };
		E1AC4F312A5B7E3A00016186 /* CategoriaViewModel.swift in Sources */ = {isa = PBXBuildFile; fileRef = E1AC4F302A5B7E3A00016186 /* CategoriaViewModel.swift */; };
		E1AC4F332A5B808900016186 /* CategoriaListaDetalheView.swift in Sources */ = {isa = PBXBuildFile; fileRef = E1AC4F322A5B808900016186 /* CategoriaListaDetalheView.swift */; };
		E1AD0CD42A4CFF13006D64D8 /* DateExtensions.swift in Sources */ = {isa = PBXBuildFile; fileRef = E1AD0CD32A4CFF13006D64D8 /* DateExtensions.swift */; };
		E1AD0CDA2A4DD556006D64D8 /* PerfilViewModel.swift in Sources */ = {isa = PBXBuildFile; fileRef = E1AD0CD92A4DD556006D64D8 /* PerfilViewModel.swift */; };
		E1AD0CDC2A4DD56A006D64D8 /* PerfilListaDetalheView.swift in Sources */ = {isa = PBXBuildFile; fileRef = E1AD0CDB2A4DD56A006D64D8 /* PerfilListaDetalheView.swift */; };
		E1AD0CDE2A4DD573006D64D8 /* PerfilModel.swift in Sources */ = {isa = PBXBuildFile; fileRef = E1AD0CDD2A4DD573006D64D8 /* PerfilModel.swift */; };
		E1AD0CE02A4DD57C006D64D8 /* PerfilAction.swift in Sources */ = {isa = PBXBuildFile; fileRef = E1AD0CDF2A4DD57C006D64D8 /* PerfilAction.swift */; };
		E1AD0CE32A4DD5AA006D64D8 /* CadastroDetalheView.swift in Sources */ = {isa = PBXBuildFile; fileRef = E1AD0CE22A4DD5AA006D64D8 /* CadastroDetalheView.swift */; };
		E1AD0CE62A4E4660006D64D8 /* CadastroModel.swift in Sources */ = {isa = PBXBuildFile; fileRef = E1AD0CE52A4E4660006D64D8 /* CadastroModel.swift */; };
		E1AD0CE82A4E52D6006D64D8 /* PostoListaScreen.swift in Sources */ = {isa = PBXBuildFile; fileRef = E1AD0CE72A4E52D6006D64D8 /* PostoListaScreen.swift */; };
		E1CE3C472A547C7E00B2C51D /* OnboardingModel.swift in Sources */ = {isa = PBXBuildFile; fileRef = E1CE3C462A547C7E00B2C51D /* OnboardingModel.swift */; };
		E1CE3C492A548E3700B2C51D /* ViewModifierConfig.swift in Sources */ = {isa = PBXBuildFile; fileRef = E1CE3C482A548E3700B2C51D /* ViewModifierConfig.swift */; };
		E1CE3C4C2A5C953800B2C51D /* RelatorioModel.swift in Sources */ = {isa = PBXBuildFile; fileRef = E1CE3C4B2A5C953800B2C51D /* RelatorioModel.swift */; };
		E1CE3C512A5C96D100B2C51D /* RelatorioListaDetalheView.swift in Sources */ = {isa = PBXBuildFile; fileRef = E1CE3C502A5C96D100B2C51D /* RelatorioListaDetalheView.swift */; };
		E1D2E90F2A60747000551892 /* Sizes.swift in Sources */ = {isa = PBXBuildFile; fileRef = E1D2E90E2A60747000551892 /* Sizes.swift */; };
		E1D2E9112A60748900551892 /* CommonAction.swift in Sources */ = {isa = PBXBuildFile; fileRef = E1D2E9102A60748900551892 /* CommonAction.swift */; };
		E1D2E9162A607D6E00551892 /* ServicoEfetuadoModel.swift in Sources */ = {isa = PBXBuildFile; fileRef = E1D2E9152A607D6E00551892 /* ServicoEfetuadoModel.swift */; };
		E1D2E9182A607EEA00551892 /* ServicoEfetuadoAction.swift in Sources */ = {isa = PBXBuildFile; fileRef = E1D2E9172A607EEA00551892 /* ServicoEfetuadoAction.swift */; };
		E1D5F50E2A37E4C300F3AFD1 /* ProjAutoCareApp.swift in Sources */ = {isa = PBXBuildFile; fileRef = E1D5F50D2A37E4C300F3AFD1 /* ProjAutoCareApp.swift */; };
		E1D5F5102A37E4C300F3AFD1 /* ContentView.swift in Sources */ = {isa = PBXBuildFile; fileRef = E1D5F50F2A37E4C300F3AFD1 /* ContentView.swift */; };
		E1D5F5122A37E4C400F3AFD1 /* Assets.xcassets in Resources */ = {isa = PBXBuildFile; fileRef = E1D5F5112A37E4C400F3AFD1 /* Assets.xcassets */; };
		E1D5F5152A37E4C400F3AFD1 /* Preview Assets.xcassets in Resources */ = {isa = PBXBuildFile; fileRef = E1D5F5142A37E4C400F3AFD1 /* Preview Assets.xcassets */; };
		E1D5F5222A37F19500F3AFD1 /* .swiftlint.yml in Resources */ = {isa = PBXBuildFile; fileRef = E1D5F5212A37F19500F3AFD1 /* .swiftlint.yml */; };
		E1D5F5262A37F3B900F3AFD1 /* Localizable.xcstrings in Resources */ = {isa = PBXBuildFile; fileRef = E1D5F5252A37F3B900F3AFD1 /* Localizable.xcstrings */; };
		E1D5F52B2A37F68700F3AFD1 /* StringExtensions.swift in Sources */ = {isa = PBXBuildFile; fileRef = E1D5F52A2A37F68700F3AFD1 /* StringExtensions.swift */; };
		E1D5F5322A3938B100F3AFD1 /* Colors.xcassets in Resources */ = {isa = PBXBuildFile; fileRef = E1D5F5312A3938B100F3AFD1 /* Colors.xcassets */; };
		E1D5F5342A39391300F3AFD1 /* SettingsScreen.swift in Sources */ = {isa = PBXBuildFile; fileRef = E1D5F5332A39391300F3AFD1 /* SettingsScreen.swift */; };
		E1D5F53B2A39482700F3AFD1 /* AppTheme.swift in Sources */ = {isa = PBXBuildFile; fileRef = E1D5F53A2A39482700F3AFD1 /* AppTheme.swift */; };
		E1D5F5402A3A1B3100F3AFD1 /* SidebarStack.swift in Sources */ = {isa = PBXBuildFile; fileRef = E1D5F53F2A3A1B3100F3AFD1 /* SidebarStack.swift */; };
		E1D5F5432A3A757D00F3AFD1 /* SideBarView.swift in Sources */ = {isa = PBXBuildFile; fileRef = E1D5F5422A3A757D00F3AFD1 /* SideBarView.swift */; };
		E1D5F5452A3A779000F3AFD1 /* Snippets.swift in Sources */ = {isa = PBXBuildFile; fileRef = E1D5F5442A3A779000F3AFD1 /* Snippets.swift */; };
		E1D871582A60CFDF0032431A /* ServicoEfetuado+CoreDataClass.swift in Sources */ = {isa = PBXBuildFile; fileRef = E1D871562A60CFDF0032431A /* ServicoEfetuado+CoreDataClass.swift */; };
		E1D871592A60CFDF0032431A /* ServicoEfetuado+CoreDataProperties.swift in Sources */ = {isa = PBXBuildFile; fileRef = E1D871572A60CFDF0032431A /* ServicoEfetuado+CoreDataProperties.swift */; };
		E1E409C82A5240B600034DBA /* CategoriaListaScreen.swift in Sources */ = {isa = PBXBuildFile; fileRef = E1E409C72A5240B600034DBA /* CategoriaListaScreen.swift */; };
		E1E409CA2A5256A300034DBA /* PerfilListaScreen.swift in Sources */ = {isa = PBXBuildFile; fileRef = E1E409C92A5256A300034DBA /* PerfilListaScreen.swift */; };
		E1E409CD2A52580C00034DBA /* Perfil+CoreDataClass.swift in Sources */ = {isa = PBXBuildFile; fileRef = E1E409CB2A52580C00034DBA /* Perfil+CoreDataClass.swift */; };
		E1E409CE2A52580C00034DBA /* Perfil+CoreDataProperties.swift in Sources */ = {isa = PBXBuildFile; fileRef = E1E409CC2A52580C00034DBA /* Perfil+CoreDataProperties.swift */; };
		E1FB3F382A5078C600776408 /* AlertaModel.swift in Sources */ = {isa = PBXBuildFile; fileRef = E1FB3F372A5078C600776408 /* AlertaModel.swift */; };
		E1FB3F3D2A507B9900776408 /* VeiculoModel.swift in Sources */ = {isa = PBXBuildFile; fileRef = E1FB3F3C2A507B9900776408 /* VeiculoModel.swift */; };
		E1FB3F3F2A507D4C00776408 /* VeiculoAction.swift in Sources */ = {isa = PBXBuildFile; fileRef = E1FB3F3E2A507D4C00776408 /* VeiculoAction.swift */; };
		E1FB3F412A507DCC00776408 /* VeiculoScreen.swift in Sources */ = {isa = PBXBuildFile; fileRef = E1FB3F402A507DCC00776408 /* VeiculoScreen.swift */; };
		E1FB3F432A507DEB00776408 /* VeiculoListaScreen.swift in Sources */ = {isa = PBXBuildFile; fileRef = E1FB3F422A507DEB00776408 /* VeiculoListaScreen.swift */; };
		E1FB3F462A50F24B00776408 /* Veiculo+CoreDataClass.swift in Sources */ = {isa = PBXBuildFile; fileRef = E1FB3F442A50F24B00776408 /* Veiculo+CoreDataClass.swift */; };
		E1FB3F472A50F24B00776408 /* Veiculo+CoreDataProperties.swift in Sources */ = {isa = PBXBuildFile; fileRef = E1FB3F452A50F24B00776408 /* Veiculo+CoreDataProperties.swift */; };
		E1FB3F492A50F5DF00776408 /* VeiculoListaDetalheView.swift in Sources */ = {isa = PBXBuildFile; fileRef = E1FB3F482A50F5DF00776408 /* VeiculoListaDetalheView.swift */; };
		E1FB3F4D2A51CE9300776408 /* ServicoScreen.swift in Sources */ = {isa = PBXBuildFile; fileRef = E1FB3F4C2A51CE9300776408 /* ServicoScreen.swift */; };
		E1FB3F4F2A51CF2500776408 /* ServicoListaScreen.swift in Sources */ = {isa = PBXBuildFile; fileRef = E1FB3F4E2A51CF2500776408 /* ServicoListaScreen.swift */; };
		E1FB3F522A51D04600776408 /* AlertaListaScreen.swift in Sources */ = {isa = PBXBuildFile; fileRef = E1FB3F512A51D04600776408 /* AlertaListaScreen.swift */; };
/* End PBXBuildFile section */

/* Begin PBXFileReference section */
		E1013FA22A473B430044410F /* AbastecimentoViewModel.swift */ = {isa = PBXFileReference; lastKnownFileType = sourcecode.swift; path = AbastecimentoViewModel.swift; sourceTree = "<group>"; };
		E1013FA52A48F8B80044410F /* AutoCare.xcdatamodel */ = {isa = PBXFileReference; lastKnownFileType = wrapper.xcdatamodel; path = AutoCare.xcdatamodel; sourceTree = "<group>"; };
		E1013FB32A4909910044410F /* Abastecimento+CoreDataClass.swift */ = {isa = PBXFileReference; lastKnownFileType = sourcecode.swift; path = "Abastecimento+CoreDataClass.swift"; sourceTree = "<group>"; };
		E1013FB42A4909910044410F /* Abastecimento+CoreDataProperties.swift */ = {isa = PBXFileReference; lastKnownFileType = sourcecode.swift; path = "Abastecimento+CoreDataProperties.swift"; sourceTree = "<group>"; };
		E1013FBA2A4A518A0044410F /* AppState.swift */ = {isa = PBXFileReference; lastKnownFileType = sourcecode.swift; path = AppState.swift; sourceTree = "<group>"; };
		E1013FBD2A4A55230044410F /* ErrorHandler.swift */ = {isa = PBXFileReference; lastKnownFileType = sourcecode.swift; path = ErrorHandler.swift; sourceTree = "<group>"; };
		E1013FBF2A4A55810044410F /* ErrorWrapper.swift */ = {isa = PBXFileReference; lastKnownFileType = sourcecode.swift; path = ErrorWrapper.swift; sourceTree = "<group>"; };
		E1013FC12A4A559D0044410F /* ErrorView.swift */ = {isa = PBXFileReference; lastKnownFileType = sourcecode.swift; path = ErrorView.swift; sourceTree = "<group>"; };
		E1013FC42A4A57910044410F /* VeiculoViewModel.swift */ = {isa = PBXFileReference; lastKnownFileType = sourcecode.swift; path = VeiculoViewModel.swift; sourceTree = "<group>"; };
		E1013FC72A4A57FB0044410F /* PostoScreen.swift */ = {isa = PBXFileReference; lastKnownFileType = sourcecode.swift; path = PostoScreen.swift; sourceTree = "<group>"; };
		E1013FCE2A4A5E160044410F /* PostoModel.swift */ = {isa = PBXFileReference; lastKnownFileType = sourcecode.swift; path = PostoModel.swift; sourceTree = "<group>"; };
		E1013FD02A4A5EEA0044410F /* PostoViewModel.swift */ = {isa = PBXFileReference; lastKnownFileType = sourcecode.swift; path = PostoViewModel.swift; sourceTree = "<group>"; };
		E1013FD22A4A60E40044410F /* Posto+CoreDataClass.swift */ = {isa = PBXFileReference; lastKnownFileType = sourcecode.swift; path = "Posto+CoreDataClass.swift"; sourceTree = "<group>"; };
		E1013FD32A4A60E40044410F /* Posto+CoreDataProperties.swift */ = {isa = PBXFileReference; lastKnownFileType = sourcecode.swift; path = "Posto+CoreDataProperties.swift"; sourceTree = "<group>"; };
		E1013FD62A4A61AD0044410F /* PostoListaDetalheView.swift */ = {isa = PBXFileReference; lastKnownFileType = sourcecode.swift; path = PostoListaDetalheView.swift; sourceTree = "<group>"; };
		E1013FD82A4A650C0044410F /* PostoPublisher.swift */ = {isa = PBXFileReference; lastKnownFileType = sourcecode.swift; path = PostoPublisher.swift; sourceTree = "<group>"; };
		E1432DE62A43CF580025504D /* PersistenceController.swift */ = {isa = PBXFileReference; lastKnownFileType = sourcecode.swift; path = PersistenceController.swift; sourceTree = "<group>"; };
		E15380CF2A43AE3B0017BC51 /* README.md */ = {isa = PBXFileReference; lastKnownFileType = net.daringfireball.markdown; path = README.md; sourceTree = SOURCE_ROOT; };
		E15F7FCB2A3BC8C8001DAF34 /* SizesStruct.swift */ = {isa = PBXFileReference; lastKnownFileType = sourcecode.swift; path = SizesStruct.swift; sourceTree = "<group>"; };
		E16C14F92A3D21E1003EAADA /* PerfilScreen.swift */ = {isa = PBXFileReference; lastKnownFileType = sourcecode.swift; path = PerfilScreen.swift; sourceTree = "<group>"; };
		E16C14FE2A3DFF21003EAADA /* MensagemScreen.swift */ = {isa = PBXFileReference; lastKnownFileType = sourcecode.swift; path = MensagemScreen.swift; sourceTree = "<group>"; };
		E16C15022A3E091C003EAADA /* VeiculoBottomView.swift */ = {isa = PBXFileReference; lastKnownFileType = sourcecode.swift; path = VeiculoBottomView.swift; sourceTree = "<group>"; };
		E16C15072A3F70B9003EAADA /* MenuInicialScreen.swift */ = {isa = PBXFileReference; lastKnownFileType = sourcecode.swift; path = MenuInicialScreen.swift; sourceTree = "<group>"; };
		E16C150A2A3FC733003EAADA /* MenuColecao.swift */ = {isa = PBXFileReference; lastKnownFileType = sourcecode.swift; path = MenuColecao.swift; sourceTree = "<group>"; };
		E16C150C2A3FC8E9003EAADA /* ItemMenuInicialView.swift */ = {isa = PBXFileReference; lastKnownFileType = sourcecode.swift; path = ItemMenuInicialView.swift; sourceTree = "<group>"; };
		E16C150F2A410ADA003EAADA /* OnboardingScreen.swift */ = {isa = PBXFileReference; lastKnownFileType = sourcecode.swift; path = OnboardingScreen.swift; sourceTree = "<group>"; };
		E16C15172A410F35003EAADA /* AbastecimentoListaScreen.swift */ = {isa = PBXFileReference; lastKnownFileType = sourcecode.swift; path = AbastecimentoListaScreen.swift; sourceTree = "<group>"; };
		E16C151A2A41151A003EAADA /* CadastroListaScreen.swift */ = {isa = PBXFileReference; lastKnownFileType = sourcecode.swift; path = CadastroListaScreen.swift; sourceTree = "<group>"; };
		E16C151D2A4115BD003EAADA /* RelatorioListaScreen.swift */ = {isa = PBXFileReference; lastKnownFileType = sourcecode.swift; path = RelatorioListaScreen.swift; sourceTree = "<group>"; };
		E16C15222A411DED003EAADA /* AbastecimentoDTO.swift */ = {isa = PBXFileReference; lastKnownFileType = sourcecode.swift; path = AbastecimentoDTO.swift; sourceTree = "<group>"; };
		E16C15242A412424003EAADA /* AbastecimentoScreen.swift */ = {isa = PBXFileReference; lastKnownFileType = sourcecode.swift; path = AbastecimentoScreen.swift; sourceTree = "<group>"; };
		E16C15262A4126D5003EAADA /* AbastecimentoListaDetalheView.swift */ = {isa = PBXFileReference; lastKnownFileType = sourcecode.swift; path = AbastecimentoListaDetalheView.swift; sourceTree = "<group>"; };
		E16C15282A4127EB003EAADA /* AbastecimentoPublisher.swift */ = {isa = PBXFileReference; lastKnownFileType = sourcecode.swift; path = AbastecimentoPublisher.swift; sourceTree = "<group>"; };
		E1AC4F132A5B07D800016186 /* Categoria+CoreDataClass.swift */ = {isa = PBXFileReference; lastKnownFileType = sourcecode.swift; path = "Categoria+CoreDataClass.swift"; sourceTree = "<group>"; };
		E1AC4F142A5B07D800016186 /* Categoria+CoreDataProperties.swift */ = {isa = PBXFileReference; lastKnownFileType = sourcecode.swift; path = "Categoria+CoreDataProperties.swift"; sourceTree = "<group>"; };
		E1AC4F152A5B07D800016186 /* Servico+CoreDataClass.swift */ = {isa = PBXFileReference; lastKnownFileType = sourcecode.swift; path = "Servico+CoreDataClass.swift"; sourceTree = "<group>"; };
		E1AC4F162A5B07D800016186 /* Servico+CoreDataProperties.swift */ = {isa = PBXFileReference; lastKnownFileType = sourcecode.swift; path = "Servico+CoreDataProperties.swift"; sourceTree = "<group>"; };
		E1AC4F1C2A5B086C00016186 /* CategoriaModel.swift */ = {isa = PBXFileReference; lastKnownFileType = sourcecode.swift; path = CategoriaModel.swift; sourceTree = "<group>"; };
		E1AC4F1F2A5B0A4A00016186 /* ServicoModel.swift */ = {isa = PBXFileReference; lastKnownFileType = sourcecode.swift; path = ServicoModel.swift; sourceTree = "<group>"; };
		E1AC4F222A5B0C0B00016186 /* ServicoPublisher.swift */ = {isa = PBXFileReference; lastKnownFileType = sourcecode.swift; path = ServicoPublisher.swift; sourceTree = "<group>"; };
		E1AC4F252A5B66BC00016186 /* ServicoViewModel.swift */ = {isa = PBXFileReference; lastKnownFileType = sourcecode.swift; path = ServicoViewModel.swift; sourceTree = "<group>"; };
		E1AC4F272A5B6E8900016186 /* ServicoListaDetalheView.swift */ = {isa = PBXFileReference; lastKnownFileType = sourcecode.swift; path = ServicoListaDetalheView.swift; sourceTree = "<group>"; };
		E1AC4F2C2A5B761B00016186 /* CategoriaPublisher.swift */ = {isa = PBXFileReference; lastKnownFileType = sourcecode.swift; path = CategoriaPublisher.swift; sourceTree = "<group>"; };
		E1AC4F2E2A5B7D0B00016186 /* CategoriaScreen.swift */ = {isa = PBXFileReference; lastKnownFileType = sourcecode.swift; path = CategoriaScreen.swift; sourceTree = "<group>"; };
		E1AC4F302A5B7E3A00016186 /* CategoriaViewModel.swift */ = {isa = PBXFileReference; lastKnownFileType = sourcecode.swift; path = CategoriaViewModel.swift; sourceTree = "<group>"; };
		E1AC4F322A5B808900016186 /* CategoriaListaDetalheView.swift */ = {isa = PBXFileReference; lastKnownFileType = sourcecode.swift; path = CategoriaListaDetalheView.swift; sourceTree = "<group>"; };
		E1AD0CD32A4CFF13006D64D8 /* DateExtensions.swift */ = {isa = PBXFileReference; lastKnownFileType = sourcecode.swift; path = DateExtensions.swift; sourceTree = "<group>"; };
		E1AD0CD92A4DD556006D64D8 /* PerfilViewModel.swift */ = {isa = PBXFileReference; lastKnownFileType = sourcecode.swift; path = PerfilViewModel.swift; sourceTree = "<group>"; };
		E1AD0CDB2A4DD56A006D64D8 /* PerfilListaDetalheView.swift */ = {isa = PBXFileReference; lastKnownFileType = sourcecode.swift; path = PerfilListaDetalheView.swift; sourceTree = "<group>"; };
		E1AD0CDD2A4DD573006D64D8 /* PerfilModel.swift */ = {isa = PBXFileReference; lastKnownFileType = sourcecode.swift; path = PerfilModel.swift; sourceTree = "<group>"; };
		E1AD0CDF2A4DD57C006D64D8 /* PerfilAction.swift */ = {isa = PBXFileReference; lastKnownFileType = sourcecode.swift; path = PerfilAction.swift; sourceTree = "<group>"; };
		E1AD0CE22A4DD5AA006D64D8 /* CadastroDetalheView.swift */ = {isa = PBXFileReference; lastKnownFileType = sourcecode.swift; path = CadastroDetalheView.swift; sourceTree = "<group>"; };
		E1AD0CE52A4E4660006D64D8 /* CadastroModel.swift */ = {isa = PBXFileReference; lastKnownFileType = sourcecode.swift; path = CadastroModel.swift; sourceTree = "<group>"; };
		E1AD0CE72A4E52D6006D64D8 /* PostoListaScreen.swift */ = {isa = PBXFileReference; lastKnownFileType = sourcecode.swift; path = PostoListaScreen.swift; sourceTree = "<group>"; };
		E1CE3C462A547C7E00B2C51D /* OnboardingModel.swift */ = {isa = PBXFileReference; lastKnownFileType = sourcecode.swift; path = OnboardingModel.swift; sourceTree = "<group>"; };
		E1CE3C482A548E3700B2C51D /* ViewModifierConfig.swift */ = {isa = PBXFileReference; lastKnownFileType = sourcecode.swift; name = ViewModifierConfig.swift; path = ProjAutoCare/Code/Features/Onboarding/Model/ViewModifierConfig.swift; sourceTree = SOURCE_ROOT; };
		E1CE3C4B2A5C953800B2C51D /* RelatorioModel.swift */ = {isa = PBXFileReference; lastKnownFileType = sourcecode.swift; path = RelatorioModel.swift; sourceTree = "<group>"; };
		E1CE3C502A5C96D100B2C51D /* RelatorioListaDetalheView.swift */ = {isa = PBXFileReference; lastKnownFileType = sourcecode.swift; path = RelatorioListaDetalheView.swift; sourceTree = "<group>"; };
		E1D2E90E2A60747000551892 /* Sizes.swift */ = {isa = PBXFileReference; lastKnownFileType = sourcecode.swift; name = Sizes.swift; path = ProjAutoCare/Code/Features/Relatorio/View/Sizes.swift; sourceTree = SOURCE_ROOT; };
		E1D2E9102A60748900551892 /* CommonAction.swift */ = {isa = PBXFileReference; lastKnownFileType = sourcecode.swift; name = CommonAction.swift; path = ProjAutoCare/Code/Features/Relatorio/View/CommonAction.swift; sourceTree = SOURCE_ROOT; };
		E1D2E9152A607D6E00551892 /* ServicoEfetuadoModel.swift */ = {isa = PBXFileReference; lastKnownFileType = sourcecode.swift; path = ServicoEfetuadoModel.swift; sourceTree = "<group>"; };
		E1D2E9172A607EEA00551892 /* ServicoEfetuadoAction.swift */ = {isa = PBXFileReference; lastKnownFileType = sourcecode.swift; path = ServicoEfetuadoAction.swift; sourceTree = "<group>"; };
		E1D5F50A2A37E4C300F3AFD1 /* ProjAutoCare.app */ = {isa = PBXFileReference; explicitFileType = wrapper.application; includeInIndex = 0; path = ProjAutoCare.app; sourceTree = BUILT_PRODUCTS_DIR; };
		E1D5F50D2A37E4C300F3AFD1 /* ProjAutoCareApp.swift */ = {isa = PBXFileReference; lastKnownFileType = sourcecode.swift; path = ProjAutoCareApp.swift; sourceTree = "<group>"; };
		E1D5F50F2A37E4C300F3AFD1 /* ContentView.swift */ = {isa = PBXFileReference; lastKnownFileType = sourcecode.swift; path = ContentView.swift; sourceTree = "<group>"; };
		E1D5F5112A37E4C400F3AFD1 /* Assets.xcassets */ = {isa = PBXFileReference; lastKnownFileType = folder.assetcatalog; path = Assets.xcassets; sourceTree = "<group>"; };
		E1D5F5142A37E4C400F3AFD1 /* Preview Assets.xcassets */ = {isa = PBXFileReference; lastKnownFileType = folder.assetcatalog; path = "Preview Assets.xcassets"; sourceTree = "<group>"; };
		E1D5F5212A37F19500F3AFD1 /* .swiftlint.yml */ = {isa = PBXFileReference; fileEncoding = 4; lastKnownFileType = text.yaml; path = .swiftlint.yml; sourceTree = SOURCE_ROOT; };
		E1D5F5252A37F3B900F3AFD1 /* Localizable.xcstrings */ = {isa = PBXFileReference; lastKnownFileType = text.json.xcstrings; path = Localizable.xcstrings; sourceTree = "<group>"; };
		E1D5F52A2A37F68700F3AFD1 /* StringExtensions.swift */ = {isa = PBXFileReference; lastKnownFileType = sourcecode.swift; path = StringExtensions.swift; sourceTree = "<group>"; };
		E1D5F5312A3938B100F3AFD1 /* Colors.xcassets */ = {isa = PBXFileReference; lastKnownFileType = folder.assetcatalog; path = Colors.xcassets; sourceTree = "<group>"; };
		E1D5F5332A39391300F3AFD1 /* SettingsScreen.swift */ = {isa = PBXFileReference; lastKnownFileType = sourcecode.swift; path = SettingsScreen.swift; sourceTree = "<group>"; };
		E1D5F53A2A39482700F3AFD1 /* AppTheme.swift */ = {isa = PBXFileReference; lastKnownFileType = sourcecode.swift; path = AppTheme.swift; sourceTree = "<group>"; };
		E1D5F53F2A3A1B3100F3AFD1 /* SidebarStack.swift */ = {isa = PBXFileReference; lastKnownFileType = sourcecode.swift; path = SidebarStack.swift; sourceTree = "<group>"; };
		E1D5F5422A3A757D00F3AFD1 /* SideBarView.swift */ = {isa = PBXFileReference; lastKnownFileType = sourcecode.swift; path = SideBarView.swift; sourceTree = "<group>"; };
		E1D5F5442A3A779000F3AFD1 /* Snippets.swift */ = {isa = PBXFileReference; lastKnownFileType = sourcecode.swift; path = Snippets.swift; sourceTree = "<group>"; };
		E1D871562A60CFDF0032431A /* ServicoEfetuado+CoreDataClass.swift */ = {isa = PBXFileReference; lastKnownFileType = sourcecode.swift; path = "ServicoEfetuado+CoreDataClass.swift"; sourceTree = "<group>"; };
		E1D871572A60CFDF0032431A /* ServicoEfetuado+CoreDataProperties.swift */ = {isa = PBXFileReference; lastKnownFileType = sourcecode.swift; path = "ServicoEfetuado+CoreDataProperties.swift"; sourceTree = "<group>"; };
		E1E409C72A5240B600034DBA /* CategoriaListaScreen.swift */ = {isa = PBXFileReference; lastKnownFileType = sourcecode.swift; path = CategoriaListaScreen.swift; sourceTree = "<group>"; };
		E1E409C92A5256A300034DBA /* PerfilListaScreen.swift */ = {isa = PBXFileReference; lastKnownFileType = sourcecode.swift; path = PerfilListaScreen.swift; sourceTree = "<group>"; };
		E1E409CB2A52580C00034DBA /* Perfil+CoreDataClass.swift */ = {isa = PBXFileReference; lastKnownFileType = sourcecode.swift; path = "Perfil+CoreDataClass.swift"; sourceTree = "<group>"; };
		E1E409CC2A52580C00034DBA /* Perfil+CoreDataProperties.swift */ = {isa = PBXFileReference; lastKnownFileType = sourcecode.swift; path = "Perfil+CoreDataProperties.swift"; sourceTree = "<group>"; };
		E1FB3F372A5078C600776408 /* AlertaModel.swift */ = {isa = PBXFileReference; lastKnownFileType = sourcecode.swift; path = AlertaModel.swift; sourceTree = "<group>"; };
		E1FB3F3C2A507B9900776408 /* VeiculoModel.swift */ = {isa = PBXFileReference; lastKnownFileType = sourcecode.swift; path = VeiculoModel.swift; sourceTree = "<group>"; };
		E1FB3F3E2A507D4C00776408 /* VeiculoAction.swift */ = {isa = PBXFileReference; lastKnownFileType = sourcecode.swift; path = VeiculoAction.swift; sourceTree = "<group>"; };
		E1FB3F402A507DCC00776408 /* VeiculoScreen.swift */ = {isa = PBXFileReference; lastKnownFileType = sourcecode.swift; path = VeiculoScreen.swift; sourceTree = "<group>"; };
		E1FB3F422A507DEB00776408 /* VeiculoListaScreen.swift */ = {isa = PBXFileReference; lastKnownFileType = sourcecode.swift; path = VeiculoListaScreen.swift; sourceTree = "<group>"; };
		E1FB3F442A50F24B00776408 /* Veiculo+CoreDataClass.swift */ = {isa = PBXFileReference; lastKnownFileType = sourcecode.swift; path = "Veiculo+CoreDataClass.swift"; sourceTree = "<group>"; };
		E1FB3F452A50F24B00776408 /* Veiculo+CoreDataProperties.swift */ = {isa = PBXFileReference; lastKnownFileType = sourcecode.swift; path = "Veiculo+CoreDataProperties.swift"; sourceTree = "<group>"; };
		E1FB3F482A50F5DF00776408 /* VeiculoListaDetalheView.swift */ = {isa = PBXFileReference; lastKnownFileType = sourcecode.swift; path = VeiculoListaDetalheView.swift; sourceTree = "<group>"; };
		E1FB3F4C2A51CE9300776408 /* ServicoScreen.swift */ = {isa = PBXFileReference; lastKnownFileType = sourcecode.swift; path = ServicoScreen.swift; sourceTree = "<group>"; };
		E1FB3F4E2A51CF2500776408 /* ServicoListaScreen.swift */ = {isa = PBXFileReference; lastKnownFileType = sourcecode.swift; path = ServicoListaScreen.swift; sourceTree = "<group>"; };
		E1FB3F512A51D04600776408 /* AlertaListaScreen.swift */ = {isa = PBXFileReference; lastKnownFileType = sourcecode.swift; path = AlertaListaScreen.swift; sourceTree = "<group>"; };
/* End PBXFileReference section */

/* Begin PBXFrameworksBuildPhase section */
		E1D5F5072A37E4C300F3AFD1 /* Frameworks */ = {
			isa = PBXFrameworksBuildPhase;
			buildActionMask = 2147483647;
			files = (
				E1013FB92A49148E0044410F /* FormValidator in Frameworks */,
				E1AC4F122A58E2DF00016186 /* WelcomeSheet in Frameworks */,
			);
			runOnlyForDeploymentPostprocessing = 0;
		};
/* End PBXFrameworksBuildPhase section */

/* Begin PBXGroup section */
		E1013FA12A473B2B0044410F /* ViewModel */ = {
			isa = PBXGroup;
			children = (
				E1013FA22A473B430044410F /* AbastecimentoViewModel.swift */,
			);
			path = ViewModel;
			sourceTree = "<group>";
		};
		E1013FBC2A4A550E0044410F /* ErrorHandling */ = {
			isa = PBXGroup;
			children = (
				E1013FBD2A4A55230044410F /* ErrorHandler.swift */,
				E1013FBF2A4A55810044410F /* ErrorWrapper.swift */,
				E1013FC12A4A559D0044410F /* ErrorView.swift */,
			);
			path = ErrorHandling;
			sourceTree = "<group>";
		};
		E1013FC32A4A577F0044410F /* ViewModel */ = {
			isa = PBXGroup;
			children = (
				E1013FC42A4A57910044410F /* VeiculoViewModel.swift */,
			);
			path = ViewModel;
			sourceTree = "<group>";
		};
		E1013FC62A4A57ED0044410F /* Posto */ = {
			isa = PBXGroup;
			children = (
				E1013FCD2A4A5BED0044410F /* Action */,
				E1013FCC2A4A5BD50044410F /* Model */,
				E1013FC92A4A5BBA0044410F /* Screen */,
				E1013FCA2A4A5BC20044410F /* View */,
				E1013FCB2A4A5BC90044410F /* ViewModel */,
			);
			path = Posto;
			sourceTree = "<group>";
		};
		E1013FC92A4A5BBA0044410F /* Screen */ = {
			isa = PBXGroup;
			children = (
				E1013FC72A4A57FB0044410F /* PostoScreen.swift */,
				E1AD0CE72A4E52D6006D64D8 /* PostoListaScreen.swift */,
			);
			path = Screen;
			sourceTree = "<group>";
		};
		E1013FCA2A4A5BC20044410F /* View */ = {
			isa = PBXGroup;
			children = (
				E1013FD62A4A61AD0044410F /* PostoListaDetalheView.swift */,
			);
			path = View;
			sourceTree = "<group>";
		};
		E1013FCB2A4A5BC90044410F /* ViewModel */ = {
			isa = PBXGroup;
			children = (
				E1013FD02A4A5EEA0044410F /* PostoViewModel.swift */,
			);
			path = ViewModel;
			sourceTree = "<group>";
		};
		E1013FCC2A4A5BD50044410F /* Model */ = {
			isa = PBXGroup;
			children = (
				E1013FCE2A4A5E160044410F /* PostoModel.swift */,
			);
			path = Model;
			sourceTree = "<group>";
		};
		E1013FCD2A4A5BED0044410F /* Action */ = {
			isa = PBXGroup;
			children = (
				E1013FD82A4A650C0044410F /* PostoPublisher.swift */,
			);
			path = Action;
			sourceTree = "<group>";
		};
		E1432DE52A43CF420025504D /* CoreData */ = {
			isa = PBXGroup;
			children = (
				E1432DE62A43CF580025504D /* PersistenceController.swift */,
				E1013FA42A48F8B80044410F /* AutoCare.xcdatamodeld */,
			);
			path = CoreData;
			sourceTree = "<group>";
		};
		E16C14F82A3D21CD003EAADA /* Perfil */ = {
			isa = PBXGroup;
			children = (
				E1AD0CD52A4DD518006D64D8 /* Action */,
				E1AD0CD62A4DD527006D64D8 /* Model */,
				E16C14FD2A3DFE88003EAADA /* Screen */,
				E1AD0CD72A4DD534006D64D8 /* View */,
				E1AD0CD82A4DD53C006D64D8 /* ViewModel */,
			);
			path = Perfil;
			sourceTree = "<group>";
		};
		E16C14FB2A3DFE6D003EAADA /* Mensagem */ = {
			isa = PBXGroup;
			children = (
				E16C14FC2A3DFE79003EAADA /* Screen */,
			);
			path = Mensagem;
			sourceTree = "<group>";
		};
		E16C14FC2A3DFE79003EAADA /* Screen */ = {
			isa = PBXGroup;
			children = (
				E16C14FE2A3DFF21003EAADA /* MensagemScreen.swift */,
			);
			path = Screen;
			sourceTree = "<group>";
		};
		E16C14FD2A3DFE88003EAADA /* Screen */ = {
			isa = PBXGroup;
			children = (
				E16C14F92A3D21E1003EAADA /* PerfilScreen.swift */,
				E1E409C92A5256A300034DBA /* PerfilListaScreen.swift */,
			);
			path = Screen;
			sourceTree = "<group>";
		};
		E16C15002A3E0901003EAADA /* Veiculo */ = {
			isa = PBXGroup;
			children = (
				E1FB3F392A507AA500776408 /* Action */,
				E1FB3F3A2A507AAF00776408 /* Model */,
				E1FB3F3B2A507ABB00776408 /* Screen */,
				E16C15012A3E090A003EAADA /* View */,
				E1013FC32A4A577F0044410F /* ViewModel */,
			);
			path = Veiculo;
			sourceTree = "<group>";
		};
		E16C15012A3E090A003EAADA /* View */ = {
			isa = PBXGroup;
			children = (
				E16C15022A3E091C003EAADA /* VeiculoBottomView.swift */,
				E1FB3F482A50F5DF00776408 /* VeiculoListaDetalheView.swift */,
			);
			path = View;
			sourceTree = "<group>";
		};
		E16C15042A3F7049003EAADA /* Onboarding */ = {
			isa = PBXGroup;
			children = (
				E1CE3C452A547AF500B2C51D /* Model */,
				E16C150E2A410AC5003EAADA /* Screen */,
			);
			path = Onboarding;
			sourceTree = "<group>";
		};
		E16C15052A3F708E003EAADA /* Screen */ = {
			isa = PBXGroup;
			children = (
				E16C15072A3F70B9003EAADA /* MenuInicialScreen.swift */,
			);
			path = Screen;
			sourceTree = "<group>";
		};
		E16C15062A3F7098003EAADA /* View */ = {
			isa = PBXGroup;
			children = (
				E16C150C2A3FC8E9003EAADA /* ItemMenuInicialView.swift */,
			);
			path = View;
			sourceTree = "<group>";
		};
		E16C15092A3FC71C003EAADA /* Model */ = {
			isa = PBXGroup;
			children = (
				E16C150A2A3FC733003EAADA /* MenuColecao.swift */,
			);
			path = Model;
			sourceTree = "<group>";
		};
		E16C150E2A410AC5003EAADA /* Screen */ = {
			isa = PBXGroup;
			children = (
				E16C150F2A410ADA003EAADA /* OnboardingScreen.swift */,
			);
			path = Screen;
			sourceTree = "<group>";
		};
		E16C15112A410E3B003EAADA /* Abastecimento */ = {
			isa = PBXGroup;
			children = (
				E16C15202A411AAB003EAADA /* Action */,
				E16C151F2A411AA0003EAADA /* Model */,
				E16C15162A410F24003EAADA /* Screen */,
				E16C15212A411AB6003EAADA /* View */,
				E1013FA12A473B2B0044410F /* ViewModel */,
			);
			path = Abastecimento;
			sourceTree = "<group>";
		};
		E16C15122A410E47003EAADA /* Alerta */ = {
			isa = PBXGroup;
			children = (
				E1FB3F502A51D03800776408 /* Screen */,
				E1FB3F362A5078A800776408 /* Model */,
			);
			path = Alerta;
			sourceTree = "<group>";
		};
		E16C15132A410E52003EAADA /* Relatorio */ = {
			isa = PBXGroup;
			children = (
				E1CE3C4A2A5C952100B2C51D /* Model */,
				E16C151C2A4115A2003EAADA /* Screen */,
				E1CE3C4D2A5C954300B2C51D /* View */,
			);
			path = Relatorio;
			sourceTree = "<group>";
		};
		E16C15142A410E68003EAADA /* Cadastro */ = {
			isa = PBXGroup;
			children = (
				E1AD0CE42A4E464A006D64D8 /* Model */,
				E1AD0CE12A4DD598006D64D8 /* View */,
				E16C15192A4114E9003EAADA /* Screen */,
			);
			path = Cadastro;
			sourceTree = "<group>";
		};
		E16C15152A410E78003EAADA /* Servico */ = {
			isa = PBXGroup;
			children = (
				E1AC4F212A5B0BF600016186 /* Action */,
				E1AC4F1E2A5B0A3C00016186 /* Model */,
				E1FB3F4A2A51CA4D00776408 /* Screen */,
				E1FB3F4B2A51CA5B00776408 /* View */,
				E1AC4F242A5B66AB00016186 /* ViewModel */,
			);
			path = Servico;
			sourceTree = "<group>";
		};
		E16C15162A410F24003EAADA /* Screen */ = {
			isa = PBXGroup;
			children = (
				E16C15172A410F35003EAADA /* AbastecimentoListaScreen.swift */,
				E16C15242A412424003EAADA /* AbastecimentoScreen.swift */,
			);
			path = Screen;
			sourceTree = "<group>";
		};
		E16C15192A4114E9003EAADA /* Screen */ = {
			isa = PBXGroup;
			children = (
				E16C151A2A41151A003EAADA /* CadastroListaScreen.swift */,
			);
			path = Screen;
			sourceTree = "<group>";
		};
		E16C151C2A4115A2003EAADA /* Screen */ = {
			isa = PBXGroup;
			children = (
				E16C151D2A4115BD003EAADA /* RelatorioListaScreen.swift */,
			);
			path = Screen;
			sourceTree = "<group>";
		};
		E16C151F2A411AA0003EAADA /* Model */ = {
			isa = PBXGroup;
			children = (
				E16C15222A411DED003EAADA /* AbastecimentoDTO.swift */,
			);
			path = Model;
			sourceTree = "<group>";
		};
		E16C15202A411AAB003EAADA /* Action */ = {
			isa = PBXGroup;
			children = (
				E16C15282A4127EB003EAADA /* AbastecimentoPublisher.swift */,
			);
			path = Action;
			sourceTree = "<group>";
		};
		E16C15212A411AB6003EAADA /* View */ = {
			isa = PBXGroup;
			children = (
				E16C15262A4126D5003EAADA /* AbastecimentoListaDetalheView.swift */,
			);
			path = View;
			sourceTree = "<group>";
		};
		E1AC4F1B2A5B085000016186 /* Model */ = {
			isa = PBXGroup;
			children = (
				E1AC4F1C2A5B086C00016186 /* CategoriaModel.swift */,
			);
			path = Model;
			sourceTree = "<group>";
		};
		E1AC4F1E2A5B0A3C00016186 /* Model */ = {
			isa = PBXGroup;
			children = (
				E1AC4F1F2A5B0A4A00016186 /* ServicoModel.swift */,
			);
			path = Model;
			sourceTree = "<group>";
		};
		E1AC4F212A5B0BF600016186 /* Action */ = {
			isa = PBXGroup;
			children = (
				E1AC4F222A5B0C0B00016186 /* ServicoPublisher.swift */,
			);
			path = Action;
			sourceTree = "<group>";
		};
		E1AC4F242A5B66AB00016186 /* ViewModel */ = {
			isa = PBXGroup;
			children = (
				E1AC4F252A5B66BC00016186 /* ServicoViewModel.swift */,
			);
			path = ViewModel;
			sourceTree = "<group>";
		};
		E1AC4F292A5B756800016186 /* Action */ = {
			isa = PBXGroup;
			children = (
				E1AC4F2C2A5B761B00016186 /* CategoriaPublisher.swift */,
			);
			path = Action;
			sourceTree = "<group>";
		};
		E1AC4F2A2A5B757500016186 /* ViewModel */ = {
			isa = PBXGroup;
			children = (
				E1AC4F302A5B7E3A00016186 /* CategoriaViewModel.swift */,
			);
			path = ViewModel;
			sourceTree = "<group>";
		};
		E1AC4F2B2A5B758400016186 /* View */ = {
			isa = PBXGroup;
			children = (
				E1AC4F322A5B808900016186 /* CategoriaListaDetalheView.swift */,
			);
			path = View;
			sourceTree = "<group>";
		};
		E1AD0CD52A4DD518006D64D8 /* Action */ = {
			isa = PBXGroup;
			children = (
				E1AD0CDF2A4DD57C006D64D8 /* PerfilAction.swift */,
			);
			path = Action;
			sourceTree = "<group>";
		};
		E1AD0CD62A4DD527006D64D8 /* Model */ = {
			isa = PBXGroup;
			children = (
				E1AD0CDD2A4DD573006D64D8 /* PerfilModel.swift */,
			);
			path = Model;
			sourceTree = "<group>";
		};
		E1AD0CD72A4DD534006D64D8 /* View */ = {
			isa = PBXGroup;
			children = (
				E1AD0CDB2A4DD56A006D64D8 /* PerfilListaDetalheView.swift */,
			);
			path = View;
			sourceTree = "<group>";
		};
		E1AD0CD82A4DD53C006D64D8 /* ViewModel */ = {
			isa = PBXGroup;
			children = (
				E1AD0CD92A4DD556006D64D8 /* PerfilViewModel.swift */,
			);
			path = ViewModel;
			sourceTree = "<group>";
		};
		E1AD0CE12A4DD598006D64D8 /* View */ = {
			isa = PBXGroup;
			children = (
				E1AD0CE22A4DD5AA006D64D8 /* CadastroDetalheView.swift */,
			);
			path = View;
			sourceTree = "<group>";
		};
		E1AD0CE42A4E464A006D64D8 /* Model */ = {
			isa = PBXGroup;
			children = (
				E1AD0CE52A4E4660006D64D8 /* CadastroModel.swift */,
			);
			path = Model;
			sourceTree = "<group>";
		};
		E1CE3C452A547AF500B2C51D /* Model */ = {
			isa = PBXGroup;
			children = (
				E1CE3C462A547C7E00B2C51D /* OnboardingModel.swift */,
			);
			path = Model;
			sourceTree = "<group>";
		};
		E1CE3C4A2A5C952100B2C51D /* Model */ = {
			isa = PBXGroup;
			children = (
				E1CE3C4B2A5C953800B2C51D /* RelatorioModel.swift */,
			);
			path = Model;
			sourceTree = "<group>";
		};
		E1CE3C4D2A5C954300B2C51D /* View */ = {
			isa = PBXGroup;
			children = (
				E1CE3C502A5C96D100B2C51D /* RelatorioListaDetalheView.swift */,
			);
			path = View;
			sourceTree = "<group>";
		};
		E1D2E9122A607C0900551892 /* ServicoEfetuado */ = {
			isa = PBXGroup;
			children = (
				E1D2E9142A607D4D00551892 /* Model */,
				E1D2E9132A607D3C00551892 /* Action */,
			);
			path = ServicoEfetuado;
			sourceTree = "<group>";
		};
		E1D2E9132A607D3C00551892 /* Action */ = {
			isa = PBXGroup;
			children = (
				E1D2E9172A607EEA00551892 /* ServicoEfetuadoAction.swift */,
			);
			path = Action;
			sourceTree = "<group>";
		};
		E1D2E9142A607D4D00551892 /* Model */ = {
			isa = PBXGroup;
			children = (
				E1D2E9152A607D6E00551892 /* ServicoEfetuadoModel.swift */,
			);
			path = Model;
			sourceTree = "<group>";
		};
		E1D5F5012A37E4C300F3AFD1 = {
			isa = PBXGroup;
			children = (
				E1D871562A60CFDF0032431A /* ServicoEfetuado+CoreDataClass.swift */,
				E1D871572A60CFDF0032431A /* ServicoEfetuado+CoreDataProperties.swift */,
				E1AC4F132A5B07D800016186 /* Categoria+CoreDataClass.swift */,
				E1AC4F142A5B07D800016186 /* Categoria+CoreDataProperties.swift */,
				E1AC4F152A5B07D800016186 /* Servico+CoreDataClass.swift */,
				E1AC4F162A5B07D800016186 /* Servico+CoreDataProperties.swift */,
				E1E409CB2A52580C00034DBA /* Perfil+CoreDataClass.swift */,
				E1E409CC2A52580C00034DBA /* Perfil+CoreDataProperties.swift */,
				E1FB3F442A50F24B00776408 /* Veiculo+CoreDataClass.swift */,
				E1FB3F452A50F24B00776408 /* Veiculo+CoreDataProperties.swift */,
				E1013FD22A4A60E40044410F /* Posto+CoreDataClass.swift */,
				E1013FD32A4A60E40044410F /* Posto+CoreDataProperties.swift */,
				E1013FB32A4909910044410F /* Abastecimento+CoreDataClass.swift */,
				E1013FB42A4909910044410F /* Abastecimento+CoreDataProperties.swift */,
				E15380CF2A43AE3B0017BC51 /* README.md */,
				E1D5F5212A37F19500F3AFD1 /* .swiftlint.yml */,
				E1D5F50C2A37E4C300F3AFD1 /* ProjAutoCare */,
				E1D5F50B2A37E4C300F3AFD1 /* Products */,
			);
			sourceTree = "<group>";
		};
		E1D5F50B2A37E4C300F3AFD1 /* Products */ = {
			isa = PBXGroup;
			children = (
				E1D5F50A2A37E4C300F3AFD1 /* ProjAutoCare.app */,
			);
			name = Products;
			sourceTree = "<group>";
		};
		E1D5F50C2A37E4C300F3AFD1 /* ProjAutoCare */ = {
			isa = PBXGroup;
			children = (
				E1D5F5272A37F64200F3AFD1 /* Code */,
				E1D5F5132A37E4C400F3AFD1 /* Preview Content */,
				E1D5F5232A37F28400F3AFD1 /* SupportingFiles */,
			);
			path = ProjAutoCare;
			sourceTree = "<group>";
		};
		E1D5F5132A37E4C400F3AFD1 /* Preview Content */ = {
			isa = PBXGroup;
			children = (
				E1D5F5142A37E4C400F3AFD1 /* Preview Assets.xcassets */,
			);
			path = "Preview Content";
			sourceTree = "<group>";
		};
		E1D5F5232A37F28400F3AFD1 /* SupportingFiles */ = {
			isa = PBXGroup;
			children = (
				E1D5F50F2A37E4C300F3AFD1 /* ContentView.swift */,
				E1D5F50D2A37E4C300F3AFD1 /* ProjAutoCareApp.swift */,
				E1D5F5242A37F2F000F3AFD1 /* Localization */,
			);
			path = SupportingFiles;
			sourceTree = "<group>";
		};
		E1D5F5242A37F2F000F3AFD1 /* Localization */ = {
			isa = PBXGroup;
			children = (
				E1D5F5252A37F3B900F3AFD1 /* Localizable.xcstrings */,
			);
			path = Localization;
			sourceTree = "<group>";
		};
		E1D5F5272A37F64200F3AFD1 /* Code */ = {
			isa = PBXGroup;
			children = (
				E1D5F52F2A39370B00F3AFD1 /* Config */,
				E1D5F52C2A392F5F00F3AFD1 /* Features */,
				E1D5F5302A39371500F3AFD1 /* Resources */,
				E1D5F5282A37F64B00F3AFD1 /* Utilities */,
			);
			path = Code;
			sourceTree = "<group>";
		};
		E1D5F5282A37F64B00F3AFD1 /* Utilities */ = {
			isa = PBXGroup;
			children = (
				E1D5F5292A37F66F00F3AFD1 /* Extensions */,
				E1D5F5442A3A779000F3AFD1 /* Snippets.swift */,
			);
			path = Utilities;
			sourceTree = "<group>";
		};
		E1D5F5292A37F66F00F3AFD1 /* Extensions */ = {
			isa = PBXGroup;
			children = (
				E1D5F52A2A37F68700F3AFD1 /* StringExtensions.swift */,
				E1AD0CD32A4CFF13006D64D8 /* DateExtensions.swift */,
			);
			path = Extensions;
			sourceTree = "<group>";
		};
		E1D5F52C2A392F5F00F3AFD1 /* Features */ = {
			isa = PBXGroup;
			children = (
				E1D2E9122A607C0900551892 /* ServicoEfetuado */,
				E16C15112A410E3B003EAADA /* Abastecimento */,
				E16C15122A410E47003EAADA /* Alerta */,
				E16C15142A410E68003EAADA /* Cadastro */,
				E1E409C52A52408000034DBA /* Categoria */,
				E1D5F52E2A3935FB00F3AFD1 /* Common */,
				E16C14FB2A3DFE6D003EAADA /* Mensagem */,
				E16C15042A3F7049003EAADA /* Onboarding */,
				E16C14F82A3D21CD003EAADA /* Perfil */,
				E1013FC62A4A57ED0044410F /* Posto */,
				E16C15132A410E52003EAADA /* Relatorio */,
				E1D5F5372A3947BA00F3AFD1 /* Root */,
				E16C15152A410E78003EAADA /* Servico */,
				E1D5F52D2A39359100F3AFD1 /* Settings */,
				E16C15002A3E0901003EAADA /* Veiculo */,
			);
			path = Features;
			sourceTree = "<group>";
		};
		E1D5F52D2A39359100F3AFD1 /* Settings */ = {
			isa = PBXGroup;
			children = (
				E1D5F5332A39391300F3AFD1 /* SettingsScreen.swift */,
			);
			path = Settings;
			sourceTree = "<group>";
		};
		E1D5F52E2A3935FB00F3AFD1 /* Common */ = {
			isa = PBXGroup;
			children = (
				E1E409CF2A53A91000034DBA /* Sizes */,
				E1013FBC2A4A550E0044410F /* ErrorHandling */,
				E1432DE52A43CF420025504D /* CoreData */,
				E1D5F5412A3A753600F3AFD1 /* View */,
				E1D5F53E2A3A1B2100F3AFD1 /* Screen */,
				E1D5F5362A39474200F3AFD1 /* Action */,
				E1D5F5352A39473A00F3AFD1 /* Model */,
				E1013FBA2A4A518A0044410F /* AppState.swift */,
			);
			path = Common;
			sourceTree = "<group>";
		};
		E1D5F52F2A39370B00F3AFD1 /* Config */ = {
			isa = PBXGroup;
			children = (
				E1D5F5392A39481500F3AFD1 /* ViewModifier */,
				E1D5F5382A39480700F3AFD1 /* Theme */,
			);
			path = Config;
			sourceTree = "<group>";
		};
		E1D5F5302A39371500F3AFD1 /* Resources */ = {
			isa = PBXGroup;
			children = (
				E1D5F5112A37E4C400F3AFD1 /* Assets.xcassets */,
				E1D5F5312A3938B100F3AFD1 /* Colors.xcassets */,
			);
			path = Resources;
			sourceTree = "<group>";
		};
		E1D5F5352A39473A00F3AFD1 /* Model */ = {
			isa = PBXGroup;
			children = (
				E15F7FCB2A3BC8C8001DAF34 /* SizesStruct.swift */,
			);
			path = Model;
			sourceTree = "<group>";
		};
		E1D5F5362A39474200F3AFD1 /* Action */ = {
			isa = PBXGroup;
			children = (
				E1D2E9102A60748900551892 /* CommonAction.swift */,
			);
			path = Action;
			sourceTree = "<group>";
		};
		E1D5F5372A3947BA00F3AFD1 /* Root */ = {
			isa = PBXGroup;
			children = (
				E16C15092A3FC71C003EAADA /* Model */,
				E16C15052A3F708E003EAADA /* Screen */,
				E16C15062A3F7098003EAADA /* View */,
			);
			path = Root;
			sourceTree = "<group>";
		};
		E1D5F5382A39480700F3AFD1 /* Theme */ = {
			isa = PBXGroup;
			children = (
				E1D5F53A2A39482700F3AFD1 /* AppTheme.swift */,
			);
			path = Theme;
			sourceTree = "<group>";
		};
		E1D5F5392A39481500F3AFD1 /* ViewModifier */ = {
			isa = PBXGroup;
			children = (
				E1CE3C482A548E3700B2C51D /* ViewModifierConfig.swift */,
			);
			path = ViewModifier;
			sourceTree = "<group>";
		};
		E1D5F53E2A3A1B2100F3AFD1 /* Screen */ = {
			isa = PBXGroup;
			children = (
				E1D5F53F2A3A1B3100F3AFD1 /* SidebarStack.swift */,
			);
			path = Screen;
			sourceTree = "<group>";
		};
		E1D5F5412A3A753600F3AFD1 /* View */ = {
			isa = PBXGroup;
			children = (
				E1D5F5422A3A757D00F3AFD1 /* SideBarView.swift */,
			);
			path = View;
			sourceTree = "<group>";
		};
		E1E409C52A52408000034DBA /* Categoria */ = {
			isa = PBXGroup;
			children = (
				E1AC4F292A5B756800016186 /* Action */,
				E1AC4F1B2A5B085000016186 /* Model */,
				E1E409C62A52408B00034DBA /* Screen */,
				E1AC4F2B2A5B758400016186 /* View */,
				E1AC4F2A2A5B757500016186 /* ViewModel */,
			);
			path = Categoria;
			sourceTree = "<group>";
		};
		E1E409C62A52408B00034DBA /* Screen */ = {
			isa = PBXGroup;
			children = (
				E1E409C72A5240B600034DBA /* CategoriaListaScreen.swift */,
				E1AC4F2E2A5B7D0B00016186 /* CategoriaScreen.swift */,
			);
			path = Screen;
			sourceTree = "<group>";
		};
		E1E409CF2A53A91000034DBA /* Sizes */ = {
			isa = PBXGroup;
			children = (
				E1D2E90E2A60747000551892 /* Sizes.swift */,
			);
			path = Sizes;
			sourceTree = "<group>";
		};
		E1FB3F362A5078A800776408 /* Model */ = {
			isa = PBXGroup;
			children = (
				E1FB3F372A5078C600776408 /* AlertaModel.swift */,
			);
			path = Model;
			sourceTree = "<group>";
		};
		E1FB3F392A507AA500776408 /* Action */ = {
			isa = PBXGroup;
			children = (
				E1FB3F3E2A507D4C00776408 /* VeiculoAction.swift */,
			);
			path = Action;
			sourceTree = "<group>";
		};
		E1FB3F3A2A507AAF00776408 /* Model */ = {
			isa = PBXGroup;
			children = (
				E1FB3F3C2A507B9900776408 /* VeiculoModel.swift */,
			);
			path = Model;
			sourceTree = "<group>";
		};
		E1FB3F3B2A507ABB00776408 /* Screen */ = {
			isa = PBXGroup;
			children = (
				E1FB3F422A507DEB00776408 /* VeiculoListaScreen.swift */,
				E1FB3F402A507DCC00776408 /* VeiculoScreen.swift */,
			);
			path = Screen;
			sourceTree = "<group>";
		};
		E1FB3F4A2A51CA4D00776408 /* Screen */ = {
			isa = PBXGroup;
			children = (
				E1FB3F4C2A51CE9300776408 /* ServicoScreen.swift */,
				E1FB3F4E2A51CF2500776408 /* ServicoListaScreen.swift */,
			);
			path = Screen;
			sourceTree = "<group>";
		};
		E1FB3F4B2A51CA5B00776408 /* View */ = {
			isa = PBXGroup;
			children = (
				E1AC4F272A5B6E8900016186 /* ServicoListaDetalheView.swift */,
			);
			path = View;
			sourceTree = "<group>";
		};
		E1FB3F502A51D03800776408 /* Screen */ = {
			isa = PBXGroup;
			children = (
				E1FB3F512A51D04600776408 /* AlertaListaScreen.swift */,
			);
			path = Screen;
			sourceTree = "<group>";
		};
/* End PBXGroup section */

/* Begin PBXNativeTarget section */
		E1D5F5092A37E4C300F3AFD1 /* ProjAutoCare */ = {
			isa = PBXNativeTarget;
			buildConfigurationList = E1D5F51A2A37E4C400F3AFD1 /* Build configuration list for PBXNativeTarget "ProjAutoCare" */;
			buildPhases = (
				E1D5F5062A37E4C300F3AFD1 /* Sources */,
				E1D5F5072A37E4C300F3AFD1 /* Frameworks */,
				E1D5F5082A37E4C300F3AFD1 /* Resources */,
				E1D5F5202A37ECD100F3AFD1 /* ShellScript */,
			);
			buildRules = (
			);
			dependencies = (
			);
			name = ProjAutoCare;
			packageProductDependencies = (
				E1013FB82A49148E0044410F /* FormValidator */,
				E1AC4F112A58E2DF00016186 /* WelcomeSheet */,
			);
			productName = ProjAutoCare;
			productReference = E1D5F50A2A37E4C300F3AFD1 /* ProjAutoCare.app */;
			productType = "com.apple.product-type.application";
		};
/* End PBXNativeTarget section */

/* Begin PBXProject section */
		E1D5F5022A37E4C300F3AFD1 /* Project object */ = {
			isa = PBXProject;
			attributes = {
				BuildIndependentTargetsInParallel = 1;
				LastSwiftUpdateCheck = 1500;
				LastUpgradeCheck = 1500;
				TargetAttributes = {
					E1D5F5092A37E4C300F3AFD1 = {
						CreatedOnToolsVersion = 15.0;
					};
				};
			};
			buildConfigurationList = E1D5F5052A37E4C300F3AFD1 /* Build configuration list for PBXProject "ProjAutoCare" */;
			compatibilityVersion = "Xcode 14.0";
			developmentRegion = en;
			hasScannedForEncodings = 0;
			knownRegions = (
				en,
				Base,
				"pt-BR",
			);
			mainGroup = E1D5F5012A37E4C300F3AFD1;
			packageReferences = (
				E1013FB72A49148E0044410F /* XCRemoteSwiftPackageReference "SwiftUIFormValidator" */,
				E1AC4F102A58E2DF00016186 /* XCRemoteSwiftPackageReference "Welcome-Sheet" */,
			);
			productRefGroup = E1D5F50B2A37E4C300F3AFD1 /* Products */;
			projectDirPath = "";
			projectRoot = "";
			targets = (
				E1D5F5092A37E4C300F3AFD1 /* ProjAutoCare */,
			);
		};
/* End PBXProject section */

/* Begin PBXResourcesBuildPhase section */
		E1D5F5082A37E4C300F3AFD1 /* Resources */ = {
			isa = PBXResourcesBuildPhase;
			buildActionMask = 2147483647;
			files = (
				E1D5F5322A3938B100F3AFD1 /* Colors.xcassets in Resources */,
				E1D5F5222A37F19500F3AFD1 /* .swiftlint.yml in Resources */,
				E1D5F5152A37E4C400F3AFD1 /* Preview Assets.xcassets in Resources */,
				E1D5F5262A37F3B900F3AFD1 /* Localizable.xcstrings in Resources */,
				E1D5F5122A37E4C400F3AFD1 /* Assets.xcassets in Resources */,
			);
			runOnlyForDeploymentPostprocessing = 0;
		};
/* End PBXResourcesBuildPhase section */

/* Begin PBXShellScriptBuildPhase section */
		E1D5F5202A37ECD100F3AFD1 /* ShellScript */ = {
			isa = PBXShellScriptBuildPhase;
			alwaysOutOfDate = 1;
			buildActionMask = 2147483647;
			files = (
			);
			inputFileListPaths = (
			);
			inputPaths = (
			);
			outputFileListPaths = (
			);
			outputPaths = (
			);
			runOnlyForDeploymentPostprocessing = 0;
			shellPath = /bin/sh;
			shellScript = "# Type a script or drag a script file from your workspace to insert its path\nif [[ \"$(uname -m)\" == arm64 ]]; then\n    export PATH=\"/opt/homebrew/bin:$PATH\"\nfi\n\nif which swiftlint > /dev/null; then\n  swiftlint\nelse\n  echo \"warning: SwiftLint not installed, download from https://github.com/realm/SwiftLint\"\nfi\n";
		};
/* End PBXShellScriptBuildPhase section */

/* Begin PBXSourcesBuildPhase section */
		E1D5F5062A37E4C300F3AFD1 /* Sources */ = {
			isa = PBXSourcesBuildPhase;
			buildActionMask = 2147483647;
			files = (
				E1D5F52B2A37F68700F3AFD1 /* StringExtensions.swift in Sources */,
				E1FB3F3D2A507B9900776408 /* VeiculoModel.swift in Sources */,
				E1013FD72A4A61AD0044410F /* PostoListaDetalheView.swift in Sources */,
				E16C151B2A41151A003EAADA /* CadastroListaScreen.swift in Sources */,
				E1013FD42A4A60E40044410F /* Posto+CoreDataClass.swift in Sources */,
				E1D5F5102A37E4C300F3AFD1 /* ContentView.swift in Sources */,
				E1AC4F2D2A5B761B00016186 /* CategoriaPublisher.swift in Sources */,
				E1D5F5402A3A1B3100F3AFD1 /* SidebarStack.swift in Sources */,
				E1FB3F382A5078C600776408 /* AlertaModel.swift in Sources */,
				E16C15252A412424003EAADA /* AbastecimentoScreen.swift in Sources */,
				E1E409C82A5240B600034DBA /* CategoriaListaScreen.swift in Sources */,
				E1CE3C512A5C96D100B2C51D /* RelatorioListaDetalheView.swift in Sources */,
				E1AC4F182A5B07D800016186 /* Categoria+CoreDataProperties.swift in Sources */,
				E1AC4F332A5B808900016186 /* CategoriaListaDetalheView.swift in Sources */,
				E1FB3F4F2A51CF2500776408 /* ServicoListaScreen.swift in Sources */,
				E1FB3F412A507DCC00776408 /* VeiculoScreen.swift in Sources */,
				E1AC4F1A2A5B07D800016186 /* Servico+CoreDataProperties.swift in Sources */,
				E1AD0CE32A4DD5AA006D64D8 /* CadastroDetalheView.swift in Sources */,
				E1AD0CDC2A4DD56A006D64D8 /* PerfilListaDetalheView.swift in Sources */,
				E1AC4F282A5B6E8900016186 /* ServicoListaDetalheView.swift in Sources */,
				E1D5F53B2A39482700F3AFD1 /* AppTheme.swift in Sources */,
				E1013FBB2A4A518A0044410F /* AppState.swift in Sources */,
				E1AC4F232A5B0C0B00016186 /* ServicoPublisher.swift in Sources */,
				E1013FC22A4A559D0044410F /* ErrorView.swift in Sources */,
				E1013FD52A4A60E40044410F /* Posto+CoreDataProperties.swift in Sources */,
				E1D5F5452A3A779000F3AFD1 /* Snippets.swift in Sources */,
				E1013FC02A4A55810044410F /* ErrorWrapper.swift in Sources */,
				E1AC4F192A5B07D800016186 /* Servico+CoreDataClass.swift in Sources */,
				E1013FC82A4A57FB0044410F /* PostoScreen.swift in Sources */,
				E1013FD92A4A650C0044410F /* PostoPublisher.swift in Sources */,
				E1CE3C492A548E3700B2C51D /* ViewModifierConfig.swift in Sources */,
				E1D5F5432A3A757D00F3AFD1 /* SideBarView.swift in Sources */,
				E16C14FA2A3D21E1003EAADA /* PerfilScreen.swift in Sources */,
				E1432DE72A43CF580025504D /* PersistenceController.swift in Sources */,
				E1CE3C4C2A5C953800B2C51D /* RelatorioModel.swift in Sources */,
				E1AD0CDA2A4DD556006D64D8 /* PerfilViewModel.swift in Sources */,
				E1D5F5342A39391300F3AFD1 /* SettingsScreen.swift in Sources */,
				E1AD0CDE2A4DD573006D64D8 /* PerfilModel.swift in Sources */,
				E1013FB52A4909910044410F /* Abastecimento+CoreDataClass.swift in Sources */,
				E1D2E90F2A60747000551892 /* Sizes.swift in Sources */,
				E1013FBE2A4A55230044410F /* ErrorHandler.swift in Sources */,
				E16C15082A3F70B9003EAADA /* MenuInicialScreen.swift in Sources */,
				E1FB3F522A51D04600776408 /* AlertaListaScreen.swift in Sources */,
				E16C150D2A3FC8E9003EAADA /* ItemMenuInicialView.swift in Sources */,
				E1D871592A60CFDF0032431A /* ServicoEfetuado+CoreDataProperties.swift in Sources */,
				E16C150B2A3FC733003EAADA /* MenuColecao.swift in Sources */,
				E16C14FF2A3DFF21003EAADA /* MensagemScreen.swift in Sources */,
				E1D2E9112A60748900551892 /* CommonAction.swift in Sources */,
				E16C15232A411DED003EAADA /* AbastecimentoDTO.swift in Sources */,
				E1AC4F172A5B07D800016186 /* Categoria+CoreDataClass.swift in Sources */,
				E1CE3C472A547C7E00B2C51D /* OnboardingModel.swift in Sources */,
				E1E409CE2A52580C00034DBA /* Perfil+CoreDataProperties.swift in Sources */,
				E16C15182A410F35003EAADA /* AbastecimentoListaScreen.swift in Sources */,
				E1AC4F2F2A5B7D0B00016186 /* CategoriaScreen.swift in Sources */,
				E1013FD12A4A5EEA0044410F /* PostoViewModel.swift in Sources */,
				E1D2E9182A607EEA00551892 /* ServicoEfetuadoAction.swift in Sources */,
				E1FB3F472A50F24B00776408 /* Veiculo+CoreDataProperties.swift in Sources */,
				E1AD0CD42A4CFF13006D64D8 /* DateExtensions.swift in Sources */,
				E1AC4F202A5B0A4A00016186 /* ServicoModel.swift in Sources */,
				E1013FA62A48F8B80044410F /* AutoCare.xcdatamodeld in Sources */,
				E1AC4F312A5B7E3A00016186 /* CategoriaViewModel.swift in Sources */,
				E16C15292A4127EB003EAADA /* AbastecimentoPublisher.swift in Sources */,
				E1013FB62A4909910044410F /* Abastecimento+CoreDataProperties.swift in Sources */,
				E16C15102A410ADA003EAADA /* OnboardingScreen.swift in Sources */,
				E1FB3F462A50F24B00776408 /* Veiculo+CoreDataClass.swift in Sources */,
				E1013FA32A473B430044410F /* AbastecimentoViewModel.swift in Sources */,
				E1D2E9162A607D6E00551892 /* ServicoEfetuadoModel.swift in Sources */,
				E1FB3F3F2A507D4C00776408 /* VeiculoAction.swift in Sources */,
				E1AD0CE62A4E4660006D64D8 /* CadastroModel.swift in Sources */,
				E1D5F50E2A37E4C300F3AFD1 /* ProjAutoCareApp.swift in Sources */,
				E1E409CD2A52580C00034DBA /* Perfil+CoreDataClass.swift in Sources */,
				E1FB3F492A50F5DF00776408 /* VeiculoListaDetalheView.swift in Sources */,
				E15F7FCC2A3BC8C8001DAF34 /* SizesStruct.swift in Sources */,
				E1AD0CE82A4E52D6006D64D8 /* PostoListaScreen.swift in Sources */,
				E1D871582A60CFDF0032431A /* ServicoEfetuado+CoreDataClass.swift in Sources */,
				E1013FCF2A4A5E160044410F /* PostoModel.swift in Sources */,
				E1E409CA2A5256A300034DBA /* PerfilListaScreen.swift in Sources */,
				E1FB3F4D2A51CE9300776408 /* ServicoScreen.swift in Sources */,
				E16C15032A3E091C003EAADA /* VeiculoBottomView.swift in Sources */,
				E1FB3F432A507DEB00776408 /* VeiculoListaScreen.swift in Sources */,
				E16C15272A4126D5003EAADA /* AbastecimentoListaDetalheView.swift in Sources */,
				E1AC4F262A5B66BC00016186 /* ServicoViewModel.swift in Sources */,
				E1013FC52A4A57910044410F /* VeiculoViewModel.swift in Sources */,
				E1AD0CE02A4DD57C006D64D8 /* PerfilAction.swift in Sources */,
				E16C151E2A4115BD003EAADA /* RelatorioListaScreen.swift in Sources */,
				E1AC4F1D2A5B086C00016186 /* CategoriaModel.swift in Sources */,
			);
			runOnlyForDeploymentPostprocessing = 0;
		};
/* End PBXSourcesBuildPhase section */

/* Begin XCBuildConfiguration section */
		E1D5F5182A37E4C400F3AFD1 /* Debug */ = {
			isa = XCBuildConfiguration;
			buildSettings = {
				ALWAYS_SEARCH_USER_PATHS = NO;
				ASSETCATALOG_COMPILER_GENERATE_SWIFT_ASSET_SYMBOL_EXTENSIONS = YES;
				CLANG_ANALYZER_NONNULL = YES;
				CLANG_ANALYZER_NUMBER_OBJECT_CONVERSION = YES_AGGRESSIVE;
				CLANG_CXX_LANGUAGE_STANDARD = "gnu++20";
				CLANG_ENABLE_MODULES = YES;
				CLANG_ENABLE_OBJC_ARC = YES;
				CLANG_ENABLE_OBJC_WEAK = YES;
				CLANG_WARN_BLOCK_CAPTURE_AUTORELEASING = YES;
				CLANG_WARN_BOOL_CONVERSION = YES;
				CLANG_WARN_COMMA = YES;
				CLANG_WARN_CONSTANT_CONVERSION = YES;
				CLANG_WARN_DEPRECATED_OBJC_IMPLEMENTATIONS = YES;
				CLANG_WARN_DIRECT_OBJC_ISA_USAGE = YES_ERROR;
				CLANG_WARN_DOCUMENTATION_COMMENTS = YES;
				CLANG_WARN_EMPTY_BODY = YES;
				CLANG_WARN_ENUM_CONVERSION = YES;
				CLANG_WARN_INFINITE_RECURSION = YES;
				CLANG_WARN_INT_CONVERSION = YES;
				CLANG_WARN_NON_LITERAL_NULL_CONVERSION = YES;
				CLANG_WARN_OBJC_IMPLICIT_RETAIN_SELF = YES;
				CLANG_WARN_OBJC_LITERAL_CONVERSION = YES;
				CLANG_WARN_OBJC_ROOT_CLASS = YES_ERROR;
				CLANG_WARN_QUOTED_INCLUDE_IN_FRAMEWORK_HEADER = YES;
				CLANG_WARN_RANGE_LOOP_ANALYSIS = YES;
				CLANG_WARN_STRICT_PROTOTYPES = YES;
				CLANG_WARN_SUSPICIOUS_MOVE = YES;
				CLANG_WARN_UNGUARDED_AVAILABILITY = YES_AGGRESSIVE;
				CLANG_WARN_UNREACHABLE_CODE = YES;
				CLANG_WARN__DUPLICATE_METHOD_MATCH = YES;
				COPY_PHASE_STRIP = NO;
				DEBUG_INFORMATION_FORMAT = dwarf;
				ENABLE_STRICT_OBJC_MSGSEND = YES;
				ENABLE_TESTABILITY = YES;
				ENABLE_USER_SCRIPT_SANDBOXING = YES;
				GCC_C_LANGUAGE_STANDARD = gnu17;
				GCC_DYNAMIC_NO_PIC = NO;
				GCC_NO_COMMON_BLOCKS = YES;
				GCC_OPTIMIZATION_LEVEL = 0;
				GCC_PREPROCESSOR_DEFINITIONS = (
					"DEBUG=1",
					"$(inherited)",
				);
				GCC_WARN_64_TO_32_BIT_CONVERSION = YES;
				GCC_WARN_ABOUT_RETURN_TYPE = YES_ERROR;
				GCC_WARN_UNDECLARED_SELECTOR = YES;
				GCC_WARN_UNINITIALIZED_AUTOS = YES_AGGRESSIVE;
				GCC_WARN_UNUSED_FUNCTION = YES;
				GCC_WARN_UNUSED_VARIABLE = YES;
				IPHONEOS_DEPLOYMENT_TARGET = 17.0;
				LOCALIZATION_PREFERS_STRING_CATALOGS = YES;
				MTL_ENABLE_DEBUG_INFO = INCLUDE_SOURCE;
				MTL_FAST_MATH = YES;
				ONLY_ACTIVE_ARCH = YES;
				SDKROOT = iphoneos;
				SWIFT_ACTIVE_COMPILATION_CONDITIONS = "DEBUG $(inherited)";
				SWIFT_OPTIMIZATION_LEVEL = "-Onone";
			};
			name = Debug;
		};
		E1D5F5192A37E4C400F3AFD1 /* Release */ = {
			isa = XCBuildConfiguration;
			buildSettings = {
				ALWAYS_SEARCH_USER_PATHS = NO;
				ASSETCATALOG_COMPILER_GENERATE_SWIFT_ASSET_SYMBOL_EXTENSIONS = YES;
				CLANG_ANALYZER_NONNULL = YES;
				CLANG_ANALYZER_NUMBER_OBJECT_CONVERSION = YES_AGGRESSIVE;
				CLANG_CXX_LANGUAGE_STANDARD = "gnu++20";
				CLANG_ENABLE_MODULES = YES;
				CLANG_ENABLE_OBJC_ARC = YES;
				CLANG_ENABLE_OBJC_WEAK = YES;
				CLANG_WARN_BLOCK_CAPTURE_AUTORELEASING = YES;
				CLANG_WARN_BOOL_CONVERSION = YES;
				CLANG_WARN_COMMA = YES;
				CLANG_WARN_CONSTANT_CONVERSION = YES;
				CLANG_WARN_DEPRECATED_OBJC_IMPLEMENTATIONS = YES;
				CLANG_WARN_DIRECT_OBJC_ISA_USAGE = YES_ERROR;
				CLANG_WARN_DOCUMENTATION_COMMENTS = YES;
				CLANG_WARN_EMPTY_BODY = YES;
				CLANG_WARN_ENUM_CONVERSION = YES;
				CLANG_WARN_INFINITE_RECURSION = YES;
				CLANG_WARN_INT_CONVERSION = YES;
				CLANG_WARN_NON_LITERAL_NULL_CONVERSION = YES;
				CLANG_WARN_OBJC_IMPLICIT_RETAIN_SELF = YES;
				CLANG_WARN_OBJC_LITERAL_CONVERSION = YES;
				CLANG_WARN_OBJC_ROOT_CLASS = YES_ERROR;
				CLANG_WARN_QUOTED_INCLUDE_IN_FRAMEWORK_HEADER = YES;
				CLANG_WARN_RANGE_LOOP_ANALYSIS = YES;
				CLANG_WARN_STRICT_PROTOTYPES = YES;
				CLANG_WARN_SUSPICIOUS_MOVE = YES;
				CLANG_WARN_UNGUARDED_AVAILABILITY = YES_AGGRESSIVE;
				CLANG_WARN_UNREACHABLE_CODE = YES;
				CLANG_WARN__DUPLICATE_METHOD_MATCH = YES;
				COPY_PHASE_STRIP = NO;
				DEBUG_INFORMATION_FORMAT = "dwarf-with-dsym";
				ENABLE_NS_ASSERTIONS = NO;
				ENABLE_STRICT_OBJC_MSGSEND = YES;
				ENABLE_USER_SCRIPT_SANDBOXING = YES;
				GCC_C_LANGUAGE_STANDARD = gnu17;
				GCC_NO_COMMON_BLOCKS = YES;
				GCC_WARN_64_TO_32_BIT_CONVERSION = YES;
				GCC_WARN_ABOUT_RETURN_TYPE = YES_ERROR;
				GCC_WARN_UNDECLARED_SELECTOR = YES;
				GCC_WARN_UNINITIALIZED_AUTOS = YES_AGGRESSIVE;
				GCC_WARN_UNUSED_FUNCTION = YES;
				GCC_WARN_UNUSED_VARIABLE = YES;
				IPHONEOS_DEPLOYMENT_TARGET = 17.0;
				LOCALIZATION_PREFERS_STRING_CATALOGS = YES;
				MTL_ENABLE_DEBUG_INFO = NO;
				MTL_FAST_MATH = YES;
				SDKROOT = iphoneos;
				SWIFT_COMPILATION_MODE = wholemodule;
				VALIDATE_PRODUCT = YES;
			};
			name = Release;
		};
		E1D5F51B2A37E4C400F3AFD1 /* Debug */ = {
			isa = XCBuildConfiguration;
			buildSettings = {
				ASSETCATALOG_COMPILER_APPICON_NAME = AppIcon;
				ASSETCATALOG_COMPILER_GLOBAL_ACCENT_COLOR_NAME = AccentColor;
				CODE_SIGN_STYLE = Automatic;
				CURRENT_PROJECT_VERSION = 1;
				DEVELOPMENT_ASSET_PATHS = "\"ProjAutoCare/Preview Content\"";
				DEVELOPMENT_TEAM = 4DLN7FPJ74;
				ENABLE_PREVIEWS = YES;
				ENABLE_USER_SCRIPT_SANDBOXING = NO;
				GENERATE_INFOPLIST_FILE = YES;
				INFOPLIST_KEY_UIApplicationSceneManifest_Generation = YES;
				INFOPLIST_KEY_UIApplicationSupportsIndirectInputEvents = YES;
				INFOPLIST_KEY_UILaunchScreen_Generation = YES;
				INFOPLIST_KEY_UISupportedInterfaceOrientations_iPad = "UIInterfaceOrientationPortrait UIInterfaceOrientationPortraitUpsideDown UIInterfaceOrientationLandscapeLeft UIInterfaceOrientationLandscapeRight";
				INFOPLIST_KEY_UISupportedInterfaceOrientations_iPhone = "UIInterfaceOrientationPortrait UIInterfaceOrientationLandscapeLeft UIInterfaceOrientationLandscapeRight";
				IPHONEOS_DEPLOYMENT_TARGET = 16.0;
				LD_RUNPATH_SEARCH_PATHS = (
					"$(inherited)",
					"@executable_path/Frameworks",
				);
				MARKETING_VERSION = 1.0;
				PRODUCT_BUNDLE_IDENTIFIER = com.rgeiss.ProjAutoCare;
				PRODUCT_NAME = "$(TARGET_NAME)";
				SUPPORTED_PLATFORMS = "iphoneos iphonesimulator";
				SUPPORTS_MACCATALYST = NO;
				SUPPORTS_MAC_DESIGNED_FOR_IPHONE_IPAD = NO;
				SWIFT_EMIT_LOC_STRINGS = YES;
				SWIFT_VERSION = 5.0;
				TARGETED_DEVICE_FAMILY = 1;
			};
			name = Debug;
		};
		E1D5F51C2A37E4C400F3AFD1 /* Release */ = {
			isa = XCBuildConfiguration;
			buildSettings = {
				ASSETCATALOG_COMPILER_APPICON_NAME = AppIcon;
				ASSETCATALOG_COMPILER_GLOBAL_ACCENT_COLOR_NAME = AccentColor;
				CODE_SIGN_STYLE = Automatic;
				CURRENT_PROJECT_VERSION = 1;
				DEVELOPMENT_ASSET_PATHS = "\"ProjAutoCare/Preview Content\"";
				DEVELOPMENT_TEAM = 4DLN7FPJ74;
				ENABLE_PREVIEWS = YES;
				ENABLE_USER_SCRIPT_SANDBOXING = NO;
				GENERATE_INFOPLIST_FILE = YES;
				INFOPLIST_KEY_UIApplicationSceneManifest_Generation = YES;
				INFOPLIST_KEY_UIApplicationSupportsIndirectInputEvents = YES;
				INFOPLIST_KEY_UILaunchScreen_Generation = YES;
				INFOPLIST_KEY_UISupportedInterfaceOrientations_iPad = "UIInterfaceOrientationPortrait UIInterfaceOrientationPortraitUpsideDown UIInterfaceOrientationLandscapeLeft UIInterfaceOrientationLandscapeRight";
				INFOPLIST_KEY_UISupportedInterfaceOrientations_iPhone = "UIInterfaceOrientationPortrait UIInterfaceOrientationLandscapeLeft UIInterfaceOrientationLandscapeRight";
				IPHONEOS_DEPLOYMENT_TARGET = 16.0;
				LD_RUNPATH_SEARCH_PATHS = (
					"$(inherited)",
					"@executable_path/Frameworks",
				);
				MARKETING_VERSION = 1.0;
				PRODUCT_BUNDLE_IDENTIFIER = com.rgeiss.ProjAutoCare;
				PRODUCT_NAME = "$(TARGET_NAME)";
				SUPPORTED_PLATFORMS = "iphoneos iphonesimulator";
				SUPPORTS_MACCATALYST = NO;
				SUPPORTS_MAC_DESIGNED_FOR_IPHONE_IPAD = NO;
				SWIFT_EMIT_LOC_STRINGS = YES;
				SWIFT_VERSION = 5.0;
				TARGETED_DEVICE_FAMILY = 1;
			};
			name = Release;
		};
/* End XCBuildConfiguration section */

/* Begin XCConfigurationList section */
		E1D5F5052A37E4C300F3AFD1 /* Build configuration list for PBXProject "ProjAutoCare" */ = {
			isa = XCConfigurationList;
			buildConfigurations = (
				E1D5F5182A37E4C400F3AFD1 /* Debug */,
				E1D5F5192A37E4C400F3AFD1 /* Release */,
			);
			defaultConfigurationIsVisible = 0;
			defaultConfigurationName = Release;
		};
		E1D5F51A2A37E4C400F3AFD1 /* Build configuration list for PBXNativeTarget "ProjAutoCare" */ = {
			isa = XCConfigurationList;
			buildConfigurations = (
				E1D5F51B2A37E4C400F3AFD1 /* Debug */,
				E1D5F51C2A37E4C400F3AFD1 /* Release */,
			);
			defaultConfigurationIsVisible = 0;
			defaultConfigurationName = Release;
		};
/* End XCConfigurationList section */

/* Begin XCRemoteSwiftPackageReference section */
		E1013FB72A49148E0044410F /* XCRemoteSwiftPackageReference "SwiftUIFormValidator" */ = {
			isa = XCRemoteSwiftPackageReference;
			repositoryURL = "https://github.com/Open-Bytes/SwiftUIFormValidator.git";
			requirement = {
				kind = upToNextMajorVersion;
				minimumVersion = 1.0.2;
			};
		};
		E1AC4F102A58E2DF00016186 /* XCRemoteSwiftPackageReference "Welcome-Sheet" */ = {
			isa = XCRemoteSwiftPackageReference;
			repositoryURL = "https://github.com/MAJKFL/Welcome-Sheet";
			requirement = {
				branch = main;
				kind = branch;
			};
		};
/* End XCRemoteSwiftPackageReference section */

/* Begin XCSwiftPackageProductDependency section */
		E1013FB82A49148E0044410F /* FormValidator */ = {
			isa = XCSwiftPackageProductDependency;
			package = E1013FB72A49148E0044410F /* XCRemoteSwiftPackageReference "SwiftUIFormValidator" */;
			productName = FormValidator;
		};
		E1AC4F112A58E2DF00016186 /* WelcomeSheet */ = {
			isa = XCSwiftPackageProductDependency;
			package = E1AC4F102A58E2DF00016186 /* XCRemoteSwiftPackageReference "Welcome-Sheet" */;
			productName = WelcomeSheet;
		};
/* End XCSwiftPackageProductDependency section */

/* Begin XCVersionGroup section */
		E1013FA42A48F8B80044410F /* AutoCare.xcdatamodeld */ = {
			isa = XCVersionGroup;
			children = (
				E1013FA52A48F8B80044410F /* AutoCare.xcdatamodel */,
			);
			currentVersion = E1013FA52A48F8B80044410F /* AutoCare.xcdatamodel */;
			path = AutoCare.xcdatamodeld;
			sourceTree = "<group>";
			versionGroupType = wrapper.xcdatamodel;
		};
/* End XCVersionGroup section */
	};
	rootObject = E1D5F5022A37E4C300F3AFD1 /* Project object */;
}
