{
  "pins" : [
    {
      "identity" : "swiftuicoordinator",
      "kind" : "remoteSourceControl",
      "location" : "https://github.com/erikdrobne/SwiftUICoordinator",
      "state" : {
        "revision" : "48afedfa2b74247898f328547aad0ad2d67d98ca",
        "version" : "2.3.2"
      }
    },
    {
      "identity" : "swiftuiformvalidator",
      "kind" : "remoteSourceControl",
      "location" : "https://github.com/Open-Bytes/SwiftUIFormValidator.git",
      "state" : {
        "revision" : "b1cbab3515f65ca998164acbe1057e136d147960",
        "version" : "1.0.3"
      }
    },
    {
      "identity" : "swiftyjson",
      "kind" : "remoteSourceControl",
      "location" : "https://github.com/SwiftyJSON/SwiftyJSON.git",
      "state" : {
        "revision" : "b3dcd7dbd0d488e1a7077cb33b00f2083e382f07",
        "version" : "5.0.1"
      }
    },
    {
      "identity" : "welcome-sheet",
      "kind" : "remoteSourceControl",
      "location" : "https://github.com/MAJKFL/Welcome-Sheet",
      "state" : {
        "branch" : "main",
        "revision" : "93332013d3253bcf0f748a008400d542fb9c9c3e"
      }
    }
  ],
  "version" : 2
}
