{
  "pins" : [
    {
      "identity" : "swiftuiformvalidator",
      "kind" : "remoteSourceControl",
      "location" : "https://github.com/Open-Bytes/SwiftUIFormValidator.git",
      "state" : {
        "revision" : "9124905d89239861261ea6f62c07db43e400f8d1",
        "version" : "1.0.2"
      }
    },
    {
      "identity" : "welcome-sheet",
      "kind" : "remoteSourceControl",
      "location" : "https://github.com/MAJKFL/Welcome-Sheet",
      "state" : {
        "branch" : "main",
        "revision" : "93332013d3253bcf0f748a008400d542fb9c9c3e"
      }
    }
  ],
  "version" : 2
}
